
Microsoft Visual Studio Solution File, Format Version 12.00
# Visual Studio Version 17
VisualStudioVersion = 17.0.31903.59
MinimumVisualStudioVersion = 10.0.40219.1
Project("{2150E333-8FDC-42A3-9474-1A3956D46DE8}") = "domain", "domain", "{D13774D0-EC95-48B3-899D-D096E459F1E1}"
EndProject
Project("{FAE04EC0-301F-11D3-BF4B-00C04F79EFBC}") = "Store", "domain\Store\Store.csproj", "{39A7A834-41E2-4FC3-B24A-CB1B627B18C4}"
EndProject
Project("{2150E333-8FDC-42A3-9474-1A3956D46DE8}") = "infrastructure", "infrastructure", "{4F5B06BA-2F17-4DF8-8EBE-8F106F5A668F}"
EndProject
Project("{FAE04EC0-301F-11D3-BF4B-00C04F79EFBC}") = "Store.Memory", "infrastructure\Store.Memory\Store.Memory.csproj", "{BE8C376D-A449-46FE-A397-3E4D06DED3D2}"
EndProject
Project("{2150E333-8FDC-42A3-9474-1A3956D46DE8}") = "presentation", "presentation", "{351B1539-DDAE-4864-9B80-9D15473229AA}"
EndProject
Project("{FAE04EC0-301F-11D3-BF4B-00C04F79EFBC}") = "Store.Wen", "presentation\Store.Wen\Store.Wen.csproj", "{90E4AB57-2A36-4FF2-A23F-7008E2CA5D41}"
EndProject
Project("{FAE04EC0-301F-11D3-BF4B-00C04F79EFBC}") = "Store.Tests", "domain\Store.Tests\Store.Tests.csproj", "{470C3F47-F79F-4B8E-9015-B7F76EFA9D5F}"
EndProject
Global
	GlobalSection(SolutionConfigurationPlatforms) = preSolution
		Debug|Any CPU = Debug|Any CPU
		Release|Any CPU = Release|Any CPU
	EndGlobalSection
	GlobalSection(ProjectConfigurationPlatforms) = postSolution
		{39A7A834-41E2-4FC3-B24A-CB1B627B18C4}.Debug|Any CPU.ActiveCfg = Debug|Any CPU
		{39A7A834-41E2-4FC3-B24A-CB1B627B18C4}.Debug|Any CPU.Build.0 = Debug|Any CPU
		{39A7A834-41E2-4FC3-B24A-CB1B627B18C4}.Release|Any CPU.ActiveCfg = Release|Any CPU
		{39A7A834-41E2-4FC3-B24A-CB1B627B18C4}.Release|Any CPU.Build.0 = Release|Any CPU
		{BE8C376D-A449-46FE-A397-3E4D06DED3D2}.Debug|Any CPU.ActiveCfg = Debug|Any CPU
		{BE8C376D-A449-46FE-A397-3E4D06DED3D2}.Debug|Any CPU.Build.0 = Debug|Any CPU
		{BE8C376D-A449-46FE-A397-3E4D06DED3D2}.Release|Any CPU.ActiveCfg = Release|Any CPU
		{BE8C376D-A449-46FE-A397-3E4D06DED3D2}.Release|Any CPU.Build.0 = Release|Any CPU
		{90E4AB57-2A36-4FF2-A23F-7008E2CA5D41}.Debug|Any CPU.ActiveCfg = Debug|Any CPU
		{90E4AB57-2A36-4FF2-A23F-7008E2CA5D41}.Debug|Any CPU.Build.0 = Debug|Any CPU
		{90E4AB57-2A36-4FF2-A23F-7008E2CA5D41}.Release|Any CPU.ActiveCfg = Release|Any CPU
		{90E4AB57-2A36-4FF2-A23F-7008E2CA5D41}.Release|Any CPU.Build.0 = Release|Any CPU
		{470C3F47-F79F-4B8E-9015-B7F76EFA9D5F}.Debug|Any CPU.ActiveCfg = Debug|Any CPU
		{470C3F47-F79F-4B8E-9015-B7F76EFA9D5F}.Debug|Any CPU.Build.0 = Debug|Any CPU
		{470C3F47-F79F-4B8E-9015-B7F76EFA9D5F}.Release|Any CPU.ActiveCfg = Release|Any CPU
		{470C3F47-F79F-4B8E-9015-B7F76EFA9D5F}.Release|Any CPU.Build.0 = Release|Any CPU
	EndGlobalSection
	GlobalSection(SolutionProperties) = preSolution
		HideSolutionNode = FALSE
	EndGlobalSection
	GlobalSection(NestedProjects) = preSolution
		{39A7A834-41E2-4FC3-B24A-CB1B627B18C4} = {D13774D0-EC95-48B3-899D-D096E459F1E1}
		{BE8C376D-A449-46FE-A397-3E4D06DED3D2} = {4F5B06BA-2F17-4DF8-8EBE-8F106F5A668F}
		{90E4AB57-2A36-4FF2-A23F-7008E2CA5D41} = {351B1539-DDAE-4864-9B80-9D15473229AA}
		{470C3F47-F79F-4B8E-9015-B7F76EFA9D5F} = {D13774D0-EC95-48B3-899D-D096E459F1E1}
	EndGlobalSection
EndGlobal
